
Microsoft Visual Studio Solution File, Format Version 12.00
# Visual Studio Version 17
VisualStudioVersion = 17.8.34316.72
MinimumVisualStudioVersion = 10.0.40219.1
Project("{FAE04EC0-301F-11D3-BF4B-00C04F79EFBC}") = "BookShelf", "BookShelf\BookShelf.csproj", "{D326B959-C8B9-47A5-8F18-9DDFBE8B8B22}"
EndProject
Global
	GlobalSection(SolutionConfigurationPlatforms) = preSolution
		Debug|Any CPU = Debug|Any CPU
		Release|Any CPU = Release|Any CPU
	EndGlobalSection
	GlobalSection(ProjectConfigurationPlatforms) = postSolution
		{D326B959-C8B9-47A5-8F18-9DDFBE8B8B22}.Debug|Any CPU.ActiveCfg = Debug|Any CPU
		{D326B959-C8B9-47A5-8F18-9DDFBE8B8B22}.Debug|Any CPU.Build.0 = Debug|Any CPU
		{D326B959-C8B9-47A5-8F18-9DDFBE8B8B22}.Release|Any CPU.ActiveCfg = Release|Any CPU
		{D326B959-C8B9-47A5-8F18-9DDFBE8B8B22}.Release|Any CPU.Build.0 = Release|Any CPU
	EndGlobalSection
	GlobalSection(SolutionProperties) = preSolution
		HideSolutionNode = FALSE
	EndGlobalSection
	GlobalSection(ExtensibilityGlobals) = postSolution
		SolutionGuid = {11F105A9-9D2C-418C-815C-E96E4112644D}
	EndGlobalSection
EndGlobal
